
Microsoft Visual Studio Solution File, Format Version 12.00
# Visual Studio 14
VisualStudioVersion = 14.0.25420.1
MinimumVisualStudioVersion = 10.0.40219.1
Project("{218574D1-FF94-4B95-8577-A6D58C11C315}") = "DBOracle", "DBOracle\DBOracle.oradbproj", "{AAA2E924-F86F-465E-8F0F-1DF01BDF8D38}"
EndProject
Global
	GlobalSection(SolutionProperties) = preSolution
		HideSolutionNode = FALSE
	EndGlobalSection
EndGlobal
